
Microsoft Visual Studio Solution File, Format Version 12.00
# Visual Studio Version 17
VisualStudioVersion = 17.6.33712.159
MinimumVisualStudioVersion = 10.0.40219.1
Project("{FAE04EC0-301F-11D3-BF4B-00C04F79EFBC}") = "PROG3A_POE", "PROG3A_POE\PROG3A_POE.csproj", "{81D627EA-16AB-4AAC-98B3-A5A061AD76CD}"
EndProject
Global
	GlobalSection(SolutionConfigurationPlatforms) = preSolution
		Debug|Any CPU = Debug|Any CPU
		Release|Any CPU = Release|Any CPU
	EndGlobalSection
	GlobalSection(ProjectConfigurationPlatforms) = postSolution
		{81D627EA-16AB-4AAC-98B3-A5A061AD76CD}.Debug|Any CPU.ActiveCfg = Debug|Any CPU
		{81D627EA-16AB-4AAC-98B3-A5A061AD76CD}.Debug|Any CPU.Build.0 = Debug|Any CPU
		{81D627EA-16AB-4AAC-98B3-A5A061AD76CD}.Release|Any CPU.ActiveCfg = Release|Any CPU
		{81D627EA-16AB-4AAC-98B3-A5A061AD76CD}.Release|Any CPU.Build.0 = Release|Any CPU
	EndGlobalSection
	GlobalSection(SolutionProperties) = preSolution
		HideSolutionNode = FALSE
	EndGlobalSection
	GlobalSection(ExtensibilityGlobals) = postSolution
		SolutionGuid = {93D8061B-3431-4A8C-A974-B6AE733FB04E}
	EndGlobalSection
EndGlobal
